# This file is automatically @generated by Cargo.
# It is not intended for manual editing.
version = 3

[[package]]
name = "encoding"
version = "0.3.0-dev"
dependencies = [
 "encoding-index-japanese",
 "encoding-index-korean",
 "encoding-index-simpchinese",
 "encoding-index-singlebyte",
 "encoding-index-tradchinese",
 "encoding-types",
]

[[package]]
name = "encoding-index-japanese"
version = "1.20141219.6"
dependencies = [
 "encoding_index_tests",
]

[[package]]
name = "encoding-index-korean"
version = "1.20141219.6"
dependencies = [
 "encoding_index_tests",
]

[[package]]
name = "encoding-index-simpchinese"
version = "1.20160120.0"
dependencies = [
 "encoding_index_tests",
]

[[package]]
name = "encoding-index-singlebyte"
version = "1.20160120.0"
dependencies = [
 "encoding_index_tests",
]

[[package]]
name = "encoding-index-tradchinese"
version = "1.20141219.6"
dependencies = [
 "encoding_index_tests",
]

[[package]]
name = "encoding-types"
version = "0.2.0"

[[package]]
name = "encoding_index_tests"
version = "0.1.5"

[[package]]
name = "proto"
version = "0.1.0"
dependencies = [
 "encoding",
]
